
Microsoft Visual Studio Solution File, Format Version 12.00
# Visual Studio Version 16
VisualStudioVersion = 16.0.30330.147
MinimumVisualStudioVersion = 10.0.40219.1
Project("{2150E333-8FDC-42A3-9474-1A3956D46DE8}") = "ExerciciosPropostos", "ExerciciosPropostos", "{CBB688AE-DC54-4386-B4A3-A4CA97D48B66}"
EndProject
Project("{2150E333-8FDC-42A3-9474-1A3956D46DE8}") = "Secao4-classes", "Secao4-classes", "{A49EB929-76A0-495B-8F94-E37348D8B191}"
EndProject
Project("{9A19103F-16F7-4668-BE54-9A1E7A4F7556}") = "Retangulo-A-P-D", "Retangulo-A-P-D\Retangulo-A-P-D.csproj", "{23560A80-C26B-4842-99D9-8420F73F2D1D}"
EndProject
Project("{9A19103F-16F7-4668-BE54-9A1E7A4F7556}") = "LerDadosFuncionario", "LerDadosFuncionario\LerDadosFuncionario.csproj", "{9197E57E-8587-463F-96D7-48F49BF5FAF5}"
EndProject
Project("{9A19103F-16F7-4668-BE54-9A1E7A4F7556}") = "Aluno", "Aluno\Aluno.csproj", "{66718ABB-83E8-4A71-9542-C2960B4B6F82}"
EndProject
Project("{2150E333-8FDC-42A3-9474-1A3956D46DE8}") = "Secao4", "Secao4", "{F4B5E173-0A4F-4D75-8F57-F302DB34A40C}"
EndProject
Project("{2150E333-8FDC-42A3-9474-1A3956D46DE8}") = "membros-estaticos", "membros-estaticos", "{8461BEB6-F19F-4166-B93B-8E4D4EEFE3FD}"
EndProject
Project("{2150E333-8FDC-42A3-9474-1A3956D46DE8}") = "v1-metodos-na-propria-classe", "v1-metodos-na-propria-classe", "{D791B5BD-4F91-4C22-96B9-D0DB2A0EA8EB}"
EndProject
Project("{9A19103F-16F7-4668-BE54-9A1E7A4F7556}") = "Calculadora", "Calculadora\Calculadora.csproj", "{F6E8F854-35C5-4321-B144-84D614D85C29}"
EndProject
Project("{2150E333-8FDC-42A3-9474-1A3956D46DE8}") = "v2-com-membros-de-instancia", "v2-com-membros-de-instancia", "{BB28A527-4791-4175-BD14-779CF39EBE79}"
EndProject
Project("{9A19103F-16F7-4668-BE54-9A1E7A4F7556}") = "Calculadora2", "Calculadora2\Calculadora2.csproj", "{1E2C1A5D-54BB-4B9E-82EA-CF98003F705B}"
EndProject
Project("{2150E333-8FDC-42A3-9474-1A3956D46DE8}") = "v3-classe-separada-static", "v3-classe-separada-static", "{A0E7BFFB-3F86-4C81-B111-80849C6024E4}"
EndProject
Project("{9A19103F-16F7-4668-BE54-9A1E7A4F7556}") = "Calculadora3", "Calculadora3\Calculadora3.csproj", "{F8EABA11-C896-47D0-9DA1-FCEF60BC6828}"
EndProject
Project("{2150E333-8FDC-42A3-9474-1A3956D46DE8}") = "Secao5", "Secao5", "{07D0D267-234C-45F5-B3F3-1682E2748A2C}"
EndProject
Project("{9A19103F-16F7-4668-BE54-9A1E7A4F7556}") = "Produto", "Produto\Produto.csproj", "{99D21FB9-D4EA-4B05-8517-6874645EC716}"
EndProject
Project("{2150E333-8FDC-42A3-9474-1A3956D46DE8}") = "encapsulamento-produto", "encapsulamento-produto", "{D59D9428-FDE1-4869-94D3-83A273ABC038}"
EndProject
Project("{9A19103F-16F7-4668-BE54-9A1E7A4F7556}") = "Encapsulamento", "Encapsulamento\Encapsulamento.csproj", "{C8BE6243-4DF2-40F1-834F-E446B7C883D6}"
EndProject
Project("{2150E333-8FDC-42A3-9474-1A3956D46DE8}") = "Secao5-const-encaps", "Secao5-const-encaps", "{75C44E49-BBF9-4392-8EC0-A3A1B4896E02}"
EndProject
Project("{9A19103F-16F7-4668-BE54-9A1E7A4F7556}") = "ContaBancaria", "ContaBancaria\ContaBancaria.csproj", "{E5B53CE2-135F-4E1C-B7C0-792B438E63DD}"
EndProject
Project("{2150E333-8FDC-42A3-9474-1A3956D46DE8}") = "Secao6-memoria-array-lista-matriz", "Secao6-memoria-array-lista-matriz", "{0CC6E61B-174C-48F5-9FD2-E5B6247CFAE3}"
EndProject
Project("{2150E333-8FDC-42A3-9474-1A3956D46DE8}") = "exercicio-fixacao", "exercicio-fixacao", "{B16010AF-2CC6-45A8-A1E8-7546A1326938}"
EndProject
Project("{9A19103F-16F7-4668-BE54-9A1E7A4F7556}") = "Alguel", "Alguel\Alguel.csproj", "{1A25A125-83D1-455D-B4A8-6CB6740FDA59}"
EndProject
Project("{9A19103F-16F7-4668-BE54-9A1E7A4F7556}") = "Listas-exemplo", "Listas-exemplo\Listas-exemplo.csproj", "{A86240EC-B101-429C-9B41-0DE20D0BFFA9}"
EndProject
Project("{2150E333-8FDC-42A3-9474-1A3956D46DE8}") = "array", "array", "{E6666DF6-B98E-4CF9-A4F2-C75B1DB8FC6F}"
EndProject
Project("{2150E333-8FDC-42A3-9474-1A3956D46DE8}") = "lista", "lista", "{CFFF6B6A-FD43-48E9-B8A6-B3238D56863F}"
EndProject
Project("{9A19103F-16F7-4668-BE54-9A1E7A4F7556}") = "Funcionario", "Funcionario\Funcionario.csproj", "{5CE85042-2CE7-451E-A735-49BFC4A2462D}"
EndProject
Project("{2150E333-8FDC-42A3-9474-1A3956D46DE8}") = "matriz-resolvido", "matriz-resolvido", "{8E18A0F8-D9F2-4622-9393-D428748E2D0E}"
EndProject
Project("{9A19103F-16F7-4668-BE54-9A1E7A4F7556}") = "DiagonalNegativos", "DiagonalNegativos\DiagonalNegativos.csproj", "{CF5BC459-D27A-48CF-A997-4BE1CFEB4280}"
EndProject
Project("{2150E333-8FDC-42A3-9474-1A3956D46DE8}") = "matriz", "matriz", "{55EEF3DE-BF1D-48AE-BFC3-952A09D3CEF2}"
EndProject
Project("{FAE04EC0-301F-11D3-BF4B-00C04F79EFBC}") = "MatrizFronteiras", "MatrizFronteiras\MatrizFronteiras.csproj", "{552C17CD-51D8-4ECA-A2A1-A02657A75C64}"
EndProject
Global
	GlobalSection(SolutionConfigurationPlatforms) = preSolution
		Debug|Any CPU = Debug|Any CPU
		Release|Any CPU = Release|Any CPU
	EndGlobalSection
	GlobalSection(ProjectConfigurationPlatforms) = postSolution
		{23560A80-C26B-4842-99D9-8420F73F2D1D}.Debug|Any CPU.ActiveCfg = Debug|Any CPU
		{23560A80-C26B-4842-99D9-8420F73F2D1D}.Debug|Any CPU.Build.0 = Debug|Any CPU
		{23560A80-C26B-4842-99D9-8420F73F2D1D}.Release|Any CPU.ActiveCfg = Release|Any CPU
		{23560A80-C26B-4842-99D9-8420F73F2D1D}.Release|Any CPU.Build.0 = Release|Any CPU
		{9197E57E-8587-463F-96D7-48F49BF5FAF5}.Debug|Any CPU.ActiveCfg = Debug|Any CPU
		{9197E57E-8587-463F-96D7-48F49BF5FAF5}.Debug|Any CPU.Build.0 = Debug|Any CPU
		{9197E57E-8587-463F-96D7-48F49BF5FAF5}.Release|Any CPU.ActiveCfg = Release|Any CPU
		{9197E57E-8587-463F-96D7-48F49BF5FAF5}.Release|Any CPU.Build.0 = Release|Any CPU
		{66718ABB-83E8-4A71-9542-C2960B4B6F82}.Debug|Any CPU.ActiveCfg = Debug|Any CPU
		{66718ABB-83E8-4A71-9542-C2960B4B6F82}.Debug|Any CPU.Build.0 = Debug|Any CPU
		{66718ABB-83E8-4A71-9542-C2960B4B6F82}.Release|Any CPU.ActiveCfg = Release|Any CPU
		{66718ABB-83E8-4A71-9542-C2960B4B6F82}.Release|Any CPU.Build.0 = Release|Any CPU
		{F6E8F854-35C5-4321-B144-84D614D85C29}.Debug|Any CPU.ActiveCfg = Debug|Any CPU
		{F6E8F854-35C5-4321-B144-84D614D85C29}.Debug|Any CPU.Build.0 = Debug|Any CPU
		{F6E8F854-35C5-4321-B144-84D614D85C29}.Release|Any CPU.ActiveCfg = Release|Any CPU
		{F6E8F854-35C5-4321-B144-84D614D85C29}.Release|Any CPU.Build.0 = Release|Any CPU
		{1E2C1A5D-54BB-4B9E-82EA-CF98003F705B}.Debug|Any CPU.ActiveCfg = Debug|Any CPU
		{1E2C1A5D-54BB-4B9E-82EA-CF98003F705B}.Debug|Any CPU.Build.0 = Debug|Any CPU
		{1E2C1A5D-54BB-4B9E-82EA-CF98003F705B}.Release|Any CPU.ActiveCfg = Release|Any CPU
		{1E2C1A5D-54BB-4B9E-82EA-CF98003F705B}.Release|Any CPU.Build.0 = Release|Any CPU
		{F8EABA11-C896-47D0-9DA1-FCEF60BC6828}.Debug|Any CPU.ActiveCfg = Debug|Any CPU
		{F8EABA11-C896-47D0-9DA1-FCEF60BC6828}.Debug|Any CPU.Build.0 = Debug|Any CPU
		{F8EABA11-C896-47D0-9DA1-FCEF60BC6828}.Release|Any CPU.ActiveCfg = Release|Any CPU
		{F8EABA11-C896-47D0-9DA1-FCEF60BC6828}.Release|Any CPU.Build.0 = Release|Any CPU
		{99D21FB9-D4EA-4B05-8517-6874645EC716}.Debug|Any CPU.ActiveCfg = Debug|Any CPU
		{99D21FB9-D4EA-4B05-8517-6874645EC716}.Debug|Any CPU.Build.0 = Debug|Any CPU
		{99D21FB9-D4EA-4B05-8517-6874645EC716}.Release|Any CPU.ActiveCfg = Release|Any CPU
		{99D21FB9-D4EA-4B05-8517-6874645EC716}.Release|Any CPU.Build.0 = Release|Any CPU
		{C8BE6243-4DF2-40F1-834F-E446B7C883D6}.Debug|Any CPU.ActiveCfg = Debug|Any CPU
		{C8BE6243-4DF2-40F1-834F-E446B7C883D6}.Debug|Any CPU.Build.0 = Debug|Any CPU
		{C8BE6243-4DF2-40F1-834F-E446B7C883D6}.Release|Any CPU.ActiveCfg = Release|Any CPU
		{C8BE6243-4DF2-40F1-834F-E446B7C883D6}.Release|Any CPU.Build.0 = Release|Any CPU
		{E5B53CE2-135F-4E1C-B7C0-792B438E63DD}.Debug|Any CPU.ActiveCfg = Debug|Any CPU
		{E5B53CE2-135F-4E1C-B7C0-792B438E63DD}.Debug|Any CPU.Build.0 = Debug|Any CPU
		{E5B53CE2-135F-4E1C-B7C0-792B438E63DD}.Release|Any CPU.ActiveCfg = Release|Any CPU
		{E5B53CE2-135F-4E1C-B7C0-792B438E63DD}.Release|Any CPU.Build.0 = Release|Any CPU
		{1A25A125-83D1-455D-B4A8-6CB6740FDA59}.Debug|Any CPU.ActiveCfg = Debug|Any CPU
		{1A25A125-83D1-455D-B4A8-6CB6740FDA59}.Debug|Any CPU.Build.0 = Debug|Any CPU
		{1A25A125-83D1-455D-B4A8-6CB6740FDA59}.Release|Any CPU.ActiveCfg = Release|Any CPU
		{1A25A125-83D1-455D-B4A8-6CB6740FDA59}.Release|Any CPU.Build.0 = Release|Any CPU
		{A86240EC-B101-429C-9B41-0DE20D0BFFA9}.Debug|Any CPU.ActiveCfg = Debug|Any CPU
		{A86240EC-B101-429C-9B41-0DE20D0BFFA9}.Debug|Any CPU.Build.0 = Debug|Any CPU
		{A86240EC-B101-429C-9B41-0DE20D0BFFA9}.Release|Any CPU.ActiveCfg = Release|Any CPU
		{A86240EC-B101-429C-9B41-0DE20D0BFFA9}.Release|Any CPU.Build.0 = Release|Any CPU
		{5CE85042-2CE7-451E-A735-49BFC4A2462D}.Debug|Any CPU.ActiveCfg = Debug|Any CPU
		{5CE85042-2CE7-451E-A735-49BFC4A2462D}.Debug|Any CPU.Build.0 = Debug|Any CPU
		{5CE85042-2CE7-451E-A735-49BFC4A2462D}.Release|Any CPU.ActiveCfg = Release|Any CPU
		{5CE85042-2CE7-451E-A735-49BFC4A2462D}.Release|Any CPU.Build.0 = Release|Any CPU
		{CF5BC459-D27A-48CF-A997-4BE1CFEB4280}.Debug|Any CPU.ActiveCfg = Debug|Any CPU
		{CF5BC459-D27A-48CF-A997-4BE1CFEB4280}.Debug|Any CPU.Build.0 = Debug|Any CPU
		{CF5BC459-D27A-48CF-A997-4BE1CFEB4280}.Release|Any CPU.ActiveCfg = Release|Any CPU
		{CF5BC459-D27A-48CF-A997-4BE1CFEB4280}.Release|Any CPU.Build.0 = Release|Any CPU
		{552C17CD-51D8-4ECA-A2A1-A02657A75C64}.Debug|Any CPU.ActiveCfg = Debug|Any CPU
		{552C17CD-51D8-4ECA-A2A1-A02657A75C64}.Debug|Any CPU.Build.0 = Debug|Any CPU
		{552C17CD-51D8-4ECA-A2A1-A02657A75C64}.Release|Any CPU.ActiveCfg = Release|Any CPU
		{552C17CD-51D8-4ECA-A2A1-A02657A75C64}.Release|Any CPU.Build.0 = Release|Any CPU
	EndGlobalSection
	GlobalSection(SolutionProperties) = preSolution
		HideSolutionNode = FALSE
	EndGlobalSection
	GlobalSection(NestedProjects) = preSolution
		{A49EB929-76A0-495B-8F94-E37348D8B191} = {CBB688AE-DC54-4386-B4A3-A4CA97D48B66}
		{23560A80-C26B-4842-99D9-8420F73F2D1D} = {A49EB929-76A0-495B-8F94-E37348D8B191}
		{9197E57E-8587-463F-96D7-48F49BF5FAF5} = {A49EB929-76A0-495B-8F94-E37348D8B191}
		{66718ABB-83E8-4A71-9542-C2960B4B6F82} = {A49EB929-76A0-495B-8F94-E37348D8B191}
		{8461BEB6-F19F-4166-B93B-8E4D4EEFE3FD} = {F4B5E173-0A4F-4D75-8F57-F302DB34A40C}
		{D791B5BD-4F91-4C22-96B9-D0DB2A0EA8EB} = {8461BEB6-F19F-4166-B93B-8E4D4EEFE3FD}
		{F6E8F854-35C5-4321-B144-84D614D85C29} = {D791B5BD-4F91-4C22-96B9-D0DB2A0EA8EB}
		{BB28A527-4791-4175-BD14-779CF39EBE79} = {8461BEB6-F19F-4166-B93B-8E4D4EEFE3FD}
		{1E2C1A5D-54BB-4B9E-82EA-CF98003F705B} = {BB28A527-4791-4175-BD14-779CF39EBE79}
		{A0E7BFFB-3F86-4C81-B111-80849C6024E4} = {8461BEB6-F19F-4166-B93B-8E4D4EEFE3FD}
		{F8EABA11-C896-47D0-9DA1-FCEF60BC6828} = {A0E7BFFB-3F86-4C81-B111-80849C6024E4}
		{99D21FB9-D4EA-4B05-8517-6874645EC716} = {07D0D267-234C-45F5-B3F3-1682E2748A2C}
		{D59D9428-FDE1-4869-94D3-83A273ABC038} = {07D0D267-234C-45F5-B3F3-1682E2748A2C}
		{C8BE6243-4DF2-40F1-834F-E446B7C883D6} = {D59D9428-FDE1-4869-94D3-83A273ABC038}
		{75C44E49-BBF9-4392-8EC0-A3A1B4896E02} = {CBB688AE-DC54-4386-B4A3-A4CA97D48B66}
		{E5B53CE2-135F-4E1C-B7C0-792B438E63DD} = {75C44E49-BBF9-4392-8EC0-A3A1B4896E02}
		{B16010AF-2CC6-45A8-A1E8-7546A1326938} = {0CC6E61B-174C-48F5-9FD2-E5B6247CFAE3}
		{1A25A125-83D1-455D-B4A8-6CB6740FDA59} = {E6666DF6-B98E-4CF9-A4F2-C75B1DB8FC6F}
		{A86240EC-B101-429C-9B41-0DE20D0BFFA9} = {0CC6E61B-174C-48F5-9FD2-E5B6247CFAE3}
		{E6666DF6-B98E-4CF9-A4F2-C75B1DB8FC6F} = {B16010AF-2CC6-45A8-A1E8-7546A1326938}
		{CFFF6B6A-FD43-48E9-B8A6-B3238D56863F} = {B16010AF-2CC6-45A8-A1E8-7546A1326938}
		{5CE85042-2CE7-451E-A735-49BFC4A2462D} = {CFFF6B6A-FD43-48E9-B8A6-B3238D56863F}
		{8E18A0F8-D9F2-4622-9393-D428748E2D0E} = {B16010AF-2CC6-45A8-A1E8-7546A1326938}
		{CF5BC459-D27A-48CF-A997-4BE1CFEB4280} = {8E18A0F8-D9F2-4622-9393-D428748E2D0E}
		{55EEF3DE-BF1D-48AE-BFC3-952A09D3CEF2} = {B16010AF-2CC6-45A8-A1E8-7546A1326938}
		{552C17CD-51D8-4ECA-A2A1-A02657A75C64} = {55EEF3DE-BF1D-48AE-BFC3-952A09D3CEF2}
	EndGlobalSection
	GlobalSection(ExtensibilityGlobals) = postSolution
		SolutionGuid = {BE34DD0E-37D8-4774-9A6E-5036702089B9}
	EndGlobalSection
EndGlobal
